// !$*UTF8*$!
{
	archiveVersion = 1;
	classes = {
	};
	objectVersion = 51;
	objects = {

/* Begin PBXBuildFile section */
		1B43E28D24D08116000B18B9 /* ViewDetails.swift in Sources */ = {isa = PBXBuildFile; fileRef = 1B43E28C24D08116000B18B9 /* ViewDetails.swift */; };
		1B43E28F24D08A20000B18B9 /* Home.swift in Sources */ = {isa = PBXBuildFile; fileRef = 1B43E28E24D08A20000B18B9 /* Home.swift */; };
		1B43E29124D0D2C0000B18B9 /* GoogleService-Info.plist in Resources */ = {isa = PBXBuildFile; fileRef = 1B43E29024D0D2C0000B18B9 /* GoogleService-Info.plist */; };
		1B43E29324D0F553000B18B9 /* EditDetails.swift in Sources */ = {isa = PBXBuildFile; fileRef = 1B43E29224D0F553000B18B9 /* EditDetails.swift */; };
		1B43E29524D1D1CD000B18B9 /* Login.swift in Sources */ = {isa = PBXBuildFile; fileRef = 1B43E29424D1D1CD000B18B9 /* Login.swift */; };
		1BD639FC24CF950E00FAB9A6 /* AppDelegate.swift in Sources */ = {isa = PBXBuildFile; fileRef = 1BD639FB24CF950E00FAB9A6 /* AppDelegate.swift */; };
		1BD639FE24CF950E00FAB9A6 /* SceneDelegate.swift in Sources */ = {isa = PBXBuildFile; fileRef = 1BD639FD24CF950E00FAB9A6 /* SceneDelegate.swift */; };
		1BD63A0024CF950E00FAB9A6 /* ContentView.swift in Sources */ = {isa = PBXBuildFile; fileRef = 1BD639FF24CF950E00FAB9A6 /* ContentView.swift */; };
		1BD63A0224CF950E00FAB9A6 /* Assets.xcassets in Resources */ = {isa = PBXBuildFile; fileRef = 1BD63A0124CF950E00FAB9A6 /* Assets.xcassets */; };
		1BD63A0524CF950E00FAB9A6 /* Preview Assets.xcassets in Resources */ = {isa = PBXBuildFile; fileRef = 1BD63A0424CF950E00FAB9A6 /* Preview Assets.xcassets */; };
		1BD63A0824CF950E00FAB9A6 /* LaunchScreen.storyboard in Resources */ = {isa = PBXBuildFile; fileRef = 1BD63A0624CF950E00FAB9A6 /* LaunchScreen.storyboard */; };
		1BD63A1324CF950E00FAB9A6 /* Dream_JournalTests.swift in Sources */ = {isa = PBXBuildFile; fileRef = 1BD63A1224CF950E00FAB9A6 /* Dream_JournalTests.swift */; };
		1BD63A1E24CF950E00FAB9A6 /* Dream_JournalUITests.swift in Sources */ = {isa = PBXBuildFile; fileRef = 1BD63A1D24CF950E00FAB9A6 /* Dream_JournalUITests.swift */; };
		1BD63A2C24CFA0E700FAB9A6 /* Animation.swift in Sources */ = {isa = PBXBuildFile; fileRef = 1BD63A2B24CFA0E700FAB9A6 /* Animation.swift */; };
		3D57D7B33B71649F1FF7358B /* Pods_Dream_JournalTests.framework in Frameworks */ = {isa = PBXBuildFile; fileRef = 055589A942A8B24E5A6CE5EE /* Pods_Dream_JournalTests.framework */; };
		9910573E65073EE987C43440 /* Pods_Dream_Journal.framework in Frameworks */ = {isa = PBXBuildFile; fileRef = 77DD2CF8D3E1F7937F18A53D /* Pods_Dream_Journal.framework */; };
		D2794572484D4E9C3FFD6BA7 /* Pods_Dream_Journal_Dream_JournalUITests.framework in Frameworks */ = {isa = PBXBuildFile; fileRef = 48EE2BD4EA5CE51DEC119AEB /* Pods_Dream_Journal_Dream_JournalUITests.framework */; };
/* End PBXBuildFile section */

/* Begin PBXContainerItemProxy section */
		1BD63A0F24CF950E00FAB9A6 /* PBXContainerItemProxy */ = {
			isa = PBXContainerItemProxy;
			containerPortal = 1BD639F024CF950D00FAB9A6 /* Project object */;
			proxyType = 1;
			remoteGlobalIDString = 1BD639F724CF950E00FAB9A6;
			remoteInfo = "Dream Journal";
		};
		1BD63A1A24CF950E00FAB9A6 /* PBXContainerItemProxy */ = {
			isa = PBXContainerItemProxy;
			containerPortal = 1BD639F024CF950D00FAB9A6 /* Project object */;
			proxyType = 1;
			remoteGlobalIDString = 1BD639F724CF950E00FAB9A6;
			remoteInfo = "Dream Journal";
		};
/* End PBXContainerItemProxy section */

/* Begin PBXFileReference section */
		03606AA8E61C83B107130C44 /* Pods-Dream Journal.release.xcconfig */ = {isa = PBXFileReference; includeInIndex = 1; lastKnownFileType = text.xcconfig; name = "Pods-Dream Journal.release.xcconfig"; path = "Target Support Files/Pods-Dream Journal/Pods-Dream Journal.release.xcconfig"; sourceTree = "<group>"; };
		055589A942A8B24E5A6CE5EE /* Pods_Dream_JournalTests.framework */ = {isa = PBXFileReference; explicitFileType = wrapper.framework; includeInIndex = 0; path = Pods_Dream_JournalTests.framework; sourceTree = BUILT_PRODUCTS_DIR; };
		1B43E28C24D08116000B18B9 /* ViewDetails.swift */ = {isa = PBXFileReference; lastKnownFileType = sourcecode.swift; path = ViewDetails.swift; sourceTree = "<group>"; };
		1B43E28E24D08A20000B18B9 /* Home.swift */ = {isa = PBXFileReference; lastKnownFileType = sourcecode.swift; path = Home.swift; sourceTree = "<group>"; };
		1B43E29024D0D2C0000B18B9 /* GoogleService-Info.plist */ = {isa = PBXFileReference; fileEncoding = 4; lastKnownFileType = text.plist.xml; path = "GoogleService-Info.plist"; sourceTree = "<group>"; };
		1B43E29224D0F553000B18B9 /* EditDetails.swift */ = {isa = PBXFileReference; lastKnownFileType = sourcecode.swift; path = EditDetails.swift; sourceTree = "<group>"; };
		1B43E29424D1D1CD000B18B9 /* Login.swift */ = {isa = PBXFileReference; lastKnownFileType = sourcecode.swift; path = Login.swift; sourceTree = "<group>"; };
		1BD639F824CF950E00FAB9A6 /* Dream Journal.app */ = {isa = PBXFileReference; explicitFileType = wrapper.application; includeInIndex = 0; path = "Dream Journal.app"; sourceTree = BUILT_PRODUCTS_DIR; };
		1BD639FB24CF950E00FAB9A6 /* AppDelegate.swift */ = {isa = PBXFileReference; lastKnownFileType = sourcecode.swift; path = AppDelegate.swift; sourceTree = "<group>"; };
		1BD639FD24CF950E00FAB9A6 /* SceneDelegate.swift */ = {isa = PBXFileReference; lastKnownFileType = sourcecode.swift; path = SceneDelegate.swift; sourceTree = "<group>"; };
		1BD639FF24CF950E00FAB9A6 /* ContentView.swift */ = {isa = PBXFileReference; lastKnownFileType = sourcecode.swift; path = ContentView.swift; sourceTree = "<group>"; };
		1BD63A0124CF950E00FAB9A6 /* Assets.xcassets */ = {isa = PBXFileReference; lastKnownFileType = folder.assetcatalog; path = Assets.xcassets; sourceTree = "<group>"; };
		1BD63A0424CF950E00FAB9A6 /* Preview Assets.xcassets */ = {isa = PBXFileReference; lastKnownFileType = folder.assetcatalog; path = "Preview Assets.xcassets"; sourceTree = "<group>"; };
		1BD63A0724CF950E00FAB9A6 /* Base */ = {isa = PBXFileReference; lastKnownFileType = file.storyboard; name = Base; path = Base.lproj/LaunchScreen.storyboard; sourceTree = "<group>"; };
		1BD63A0924CF950E00FAB9A6 /* Info.plist */ = {isa = PBXFileReference; lastKnownFileType = text.plist.xml; path = Info.plist; sourceTree = "<group>"; };
		1BD63A0E24CF950E00FAB9A6 /* Dream JournalTests.xctest */ = {isa = PBXFileReference; explicitFileType = wrapper.cfbundle; includeInIndex = 0; path = "Dream JournalTests.xctest"; sourceTree = BUILT_PRODUCTS_DIR; };
		1BD63A1224CF950E00FAB9A6 /* Dream_JournalTests.swift */ = {isa = PBXFileReference; lastKnownFileType = sourcecode.swift; path = Dream_JournalTests.swift; sourceTree = "<group>"; };
		1BD63A1424CF950E00FAB9A6 /* Info.plist */ = {isa = PBXFileReference; lastKnownFileType = text.plist.xml; path = Info.plist; sourceTree = "<group>"; };
		1BD63A1924CF950E00FAB9A6 /* Dream JournalUITests.xctest */ = {isa = PBXFileReference; explicitFileType = wrapper.cfbundle; includeInIndex = 0; path = "Dream JournalUITests.xctest"; sourceTree = BUILT_PRODUCTS_DIR; };
		1BD63A1D24CF950E00FAB9A6 /* Dream_JournalUITests.swift */ = {isa = PBXFileReference; lastKnownFileType = sourcecode.swift; path = Dream_JournalUITests.swift; sourceTree = "<group>"; };
		1BD63A1F24CF950E00FAB9A6 /* Info.plist */ = {isa = PBXFileReference; lastKnownFileType = text.plist.xml; path = Info.plist; sourceTree = "<group>"; };
		1BD63A2B24CFA0E700FAB9A6 /* Animation.swift */ = {isa = PBXFileReference; lastKnownFileType = sourcecode.swift; path = Animation.swift; sourceTree = "<group>"; };
		48EE2BD4EA5CE51DEC119AEB /* Pods_Dream_Journal_Dream_JournalUITests.framework */ = {isa = PBXFileReference; explicitFileType = wrapper.framework; includeInIndex = 0; path = Pods_Dream_Journal_Dream_JournalUITests.framework; sourceTree = BUILT_PRODUCTS_DIR; };
		6046EB0A60F6F04E9014762B /* Pods-Dream Journal-Dream JournalUITests.debug.xcconfig */ = {isa = PBXFileReference; includeInIndex = 1; lastKnownFileType = text.xcconfig; name = "Pods-Dream Journal-Dream JournalUITests.debug.xcconfig"; path = "Target Support Files/Pods-Dream Journal-Dream JournalUITests/Pods-Dream Journal-Dream JournalUITests.debug.xcconfig"; sourceTree = "<group>"; };
		69B0BDB4E65AAB3C272FFE86 /* Pods-Dream JournalTests.release.xcconfig */ = {isa = PBXFileReference; includeInIndex = 1; lastKnownFileType = text.xcconfig; name = "Pods-Dream JournalTests.release.xcconfig"; path = "Target Support Files/Pods-Dream JournalTests/Pods-Dream JournalTests.release.xcconfig"; sourceTree = "<group>"; };
		77DD2CF8D3E1F7937F18A53D /* Pods_Dream_Journal.framework */ = {isa = PBXFileReference; explicitFileType = wrapper.framework; includeInIndex = 0; path = Pods_Dream_Journal.framework; sourceTree = BUILT_PRODUCTS_DIR; };
		7875902BE71030A35769398F /* Pods-Dream Journal-Dream JournalUITests.release.xcconfig */ = {isa = PBXFileReference; includeInIndex = 1; lastKnownFileType = text.xcconfig; name = "Pods-Dream Journal-Dream JournalUITests.release.xcconfig"; path = "Target Support Files/Pods-Dream Journal-Dream JournalUITests/Pods-Dream Journal-Dream JournalUITests.release.xcconfig"; sourceTree = "<group>"; };
		C97BED6EC9587A51DB5DAF46 /* Pods-Dream JournalTests.debug.xcconfig */ = {isa = PBXFileReference; includeInIndex = 1; lastKnownFileType = text.xcconfig; name = "Pods-Dream JournalTests.debug.xcconfig"; path = "Target Support Files/Pods-Dream JournalTests/Pods-Dream JournalTests.debug.xcconfig"; sourceTree = "<group>"; };
		D329C0D6A71D7F2716568420 /* Pods-Dream Journal.debug.xcconfig */ = {isa = PBXFileReference; includeInIndex = 1; lastKnownFileType = text.xcconfig; name = "Pods-Dream Journal.debug.xcconfig"; path = "Target Support Files/Pods-Dream Journal/Pods-Dream Journal.debug.xcconfig"; sourceTree = "<group>"; };
/* End PBXFileReference section */

/* Begin PBXFrameworksBuildPhase section */
		1BD639F524CF950E00FAB9A6 /* Frameworks */ = {
			isa = PBXFrameworksBuildPhase;
			buildActionMask = 2147483647;
			files = (
				9910573E65073EE987C43440 /* Pods_Dream_Journal.framework in Frameworks */,
			);
			runOnlyForDeploymentPostprocessing = 0;
		};
		1BD63A0B24CF950E00FAB9A6 /* Frameworks */ = {
			isa = PBXFrameworksBuildPhase;
			buildActionMask = 2147483647;
			files = (
				3D57D7B33B71649F1FF7358B /* Pods_Dream_JournalTests.framework in Frameworks */,
			);
			runOnlyForDeploymentPostprocessing = 0;
		};
		1BD63A1624CF950E00FAB9A6 /* Frameworks */ = {
			isa = PBXFrameworksBuildPhase;
			buildActionMask = 2147483647;
			files = (
				D2794572484D4E9C3FFD6BA7 /* Pods_Dream_Journal_Dream_JournalUITests.framework in Frameworks */,
			);
			runOnlyForDeploymentPostprocessing = 0;
		};
/* End PBXFrameworksBuildPhase section */

/* Begin PBXGroup section */
		1BD639EF24CF950D00FAB9A6 = {
			isa = PBXGroup;
			children = (
				1BD639FA24CF950E00FAB9A6 /* Dream Journal */,
				1BD63A1124CF950E00FAB9A6 /* Dream JournalTests */,
				1BD63A1C24CF950E00FAB9A6 /* Dream JournalUITests */,
				1BD639F924CF950E00FAB9A6 /* Products */,
				CA798672E4FDFC67382E3EB8 /* Pods */,
				D71B33CD2AE9DDD5F5828D08 /* Frameworks */,
			);
			sourceTree = "<group>";
		};
		1BD639F924CF950E00FAB9A6 /* Products */ = {
			isa = PBXGroup;
			children = (
				1BD639F824CF950E00FAB9A6 /* Dream Journal.app */,
				1BD63A0E24CF950E00FAB9A6 /* Dream JournalTests.xctest */,
				1BD63A1924CF950E00FAB9A6 /* Dream JournalUITests.xctest */,
			);
			name = Products;
			sourceTree = "<group>";
		};
		1BD639FA24CF950E00FAB9A6 /* Dream Journal */ = {
			isa = PBXGroup;
			children = (
				1B43E29024D0D2C0000B18B9 /* GoogleService-Info.plist */,
				1BD639FB24CF950E00FAB9A6 /* AppDelegate.swift */,
				1BD639FD24CF950E00FAB9A6 /* SceneDelegate.swift */,
				1BD639FF24CF950E00FAB9A6 /* ContentView.swift */,
				1BD63A2B24CFA0E700FAB9A6 /* Animation.swift */,
				1B43E28E24D08A20000B18B9 /* Home.swift */,
				1B43E28C24D08116000B18B9 /* ViewDetails.swift */,
				1B43E29224D0F553000B18B9 /* EditDetails.swift */,
				1B43E29424D1D1CD000B18B9 /* Login.swift */,
				1BD63A0124CF950E00FAB9A6 /* Assets.xcassets */,
				1BD63A0624CF950E00FAB9A6 /* LaunchScreen.storyboard */,
				1BD63A0924CF950E00FAB9A6 /* Info.plist */,
				1BD63A0324CF950E00FAB9A6 /* Preview Content */,
			);
			path = "Dream Journal";
			sourceTree = "<group>";
		};
		1BD63A0324CF950E00FAB9A6 /* Preview Content */ = {
			isa = PBXGroup;
			children = (
				1BD63A0424CF950E00FAB9A6 /* Preview Assets.xcassets */,
			);
			path = "Preview Content";
			sourceTree = "<group>";
		};
		1BD63A1124CF950E00FAB9A6 /* Dream JournalTests */ = {
			isa = PBXGroup;
			children = (
				1BD63A1224CF950E00FAB9A6 /* Dream_JournalTests.swift */,
				1BD63A1424CF950E00FAB9A6 /* Info.plist */,
			);
			path = "Dream JournalTests";
			sourceTree = "<group>";
		};
		1BD63A1C24CF950E00FAB9A6 /* Dream JournalUITests */ = {
			isa = PBXGroup;
			children = (
				1BD63A1D24CF950E00FAB9A6 /* Dream_JournalUITests.swift */,
				1BD63A1F24CF950E00FAB9A6 /* Info.plist */,
			);
			path = "Dream JournalUITests";
			sourceTree = "<group>";
		};
		CA798672E4FDFC67382E3EB8 /* Pods */ = {
			isa = PBXGroup;
			children = (
				D329C0D6A71D7F2716568420 /* Pods-Dream Journal.debug.xcconfig */,
				03606AA8E61C83B107130C44 /* Pods-Dream Journal.release.xcconfig */,
				6046EB0A60F6F04E9014762B /* Pods-Dream Journal-Dream JournalUITests.debug.xcconfig */,
				7875902BE71030A35769398F /* Pods-Dream Journal-Dream JournalUITests.release.xcconfig */,
				C97BED6EC9587A51DB5DAF46 /* Pods-Dream JournalTests.debug.xcconfig */,
				69B0BDB4E65AAB3C272FFE86 /* Pods-Dream JournalTests.release.xcconfig */,
			);
			path = Pods;
			sourceTree = "<group>";
		};
		D71B33CD2AE9DDD5F5828D08 /* Frameworks */ = {
			isa = PBXGroup;
			children = (
				77DD2CF8D3E1F7937F18A53D /* Pods_Dream_Journal.framework */,
				48EE2BD4EA5CE51DEC119AEB /* Pods_Dream_Journal_Dream_JournalUITests.framework */,
				055589A942A8B24E5A6CE5EE /* Pods_Dream_JournalTests.framework */,
			);
			name = Frameworks;
			sourceTree = "<group>";
		};
/* End PBXGroup section */

/* Begin PBXNativeTarget section */
		1BD639F724CF950E00FAB9A6 /* Dream Journal */ = {
			isa = PBXNativeTarget;
			buildConfigurationList = 1BD63A2224CF950E00FAB9A6 /* Build configuration list for PBXNativeTarget "Dream Journal" */;
			buildPhases = (
				6CD512B4941C35F6AD954AEA /* [CP] Check Pods Manifest.lock */,
				1BD639F424CF950E00FAB9A6 /* Sources */,
				1BD639F524CF950E00FAB9A6 /* Frameworks */,
				1BD639F624CF950E00FAB9A6 /* Resources */,
				9A9B0E875BC0DC74D1C73E7E /* [CP] Embed Pods Frameworks */,
			);
			buildRules = (
			);
			dependencies = (
			);
			name = "Dream Journal";
			productName = "Dream Journal";
			productReference = 1BD639F824CF950E00FAB9A6 /* Dream Journal.app */;
			productType = "com.apple.product-type.application";
		};
		1BD63A0D24CF950E00FAB9A6 /* Dream JournalTests */ = {
			isa = PBXNativeTarget;
			buildConfigurationList = 1BD63A2524CF950E00FAB9A6 /* Build configuration list for PBXNativeTarget "Dream JournalTests" */;
			buildPhases = (
				A0E4F2D5498D71F9BD16BF22 /* [CP] Check Pods Manifest.lock */,
				1BD63A0A24CF950E00FAB9A6 /* Sources */,
				1BD63A0B24CF950E00FAB9A6 /* Frameworks */,
				1BD63A0C24CF950E00FAB9A6 /* Resources */,
			);
			buildRules = (
			);
			dependencies = (
				1BD63A1024CF950E00FAB9A6 /* PBXTargetDependency */,
			);
			name = "Dream JournalTests";
			productName = "Dream JournalTests";
			productReference = 1BD63A0E24CF950E00FAB9A6 /* Dream JournalTests.xctest */;
			productType = "com.apple.product-type.bundle.unit-test";
		};
		1BD63A1824CF950E00FAB9A6 /* Dream JournalUITests */ = {
			isa = PBXNativeTarget;
			buildConfigurationList = 1BD63A2824CF950E00FAB9A6 /* Build configuration list for PBXNativeTarget "Dream JournalUITests" */;
			buildPhases = (
				A29DDE9C7EBAD76AAAAC1C64 /* [CP] Check Pods Manifest.lock */,
				1BD63A1524CF950E00FAB9A6 /* Sources */,
				1BD63A1624CF950E00FAB9A6 /* Frameworks */,
				1BD63A1724CF950E00FAB9A6 /* Resources */,
				3975C037E0221D3F6462DAD7 /* [CP] Embed Pods Frameworks */,
			);
			buildRules = (
			);
			dependencies = (
				1BD63A1B24CF950E00FAB9A6 /* PBXTargetDependency */,
			);
			name = "Dream JournalUITests";
			productName = "Dream JournalUITests";
			productReference = 1BD63A1924CF950E00FAB9A6 /* Dream JournalUITests.xctest */;
			productType = "com.apple.product-type.bundle.ui-testing";
		};
/* End PBXNativeTarget section */

/* Begin PBXProject section */
		1BD639F024CF950D00FAB9A6 /* Project object */ = {
			isa = PBXProject;
			attributes = {
				LastSwiftUpdateCheck = 1160;
				LastUpgradeCheck = 1160;
				ORGANIZATIONNAME = Helal;
				TargetAttributes = {
					1BD639F724CF950E00FAB9A6 = {
						CreatedOnToolsVersion = 11.6;
					};
					1BD63A0D24CF950E00FAB9A6 = {
						CreatedOnToolsVersion = 11.6;
						TestTargetID = 1BD639F724CF950E00FAB9A6;
					};
					1BD63A1824CF950E00FAB9A6 = {
						CreatedOnToolsVersion = 11.6;
						TestTargetID = 1BD639F724CF950E00FAB9A6;
					};
				};
			};
			buildConfigurationList = 1BD639F324CF950D00FAB9A6 /* Build configuration list for PBXProject "Dream Journal" */;
			compatibilityVersion = "Xcode 9.3";
			developmentRegion = en;
			hasScannedForEncodings = 0;
			knownRegions = (
				en,
				Base,
			);
			mainGroup = 1BD639EF24CF950D00FAB9A6;
			productRefGroup = 1BD639F924CF950E00FAB9A6 /* Products */;
			projectDirPath = "";
			projectRoot = "";
			targets = (
				1BD639F724CF950E00FAB9A6 /* Dream Journal */,
				1BD63A0D24CF950E00FAB9A6 /* Dream JournalTests */,
				1BD63A1824CF950E00FAB9A6 /* Dream JournalUITests */,
			);
		};
/* End PBXProject section */

/* Begin PBXResourcesBuildPhase section */
		1BD639F624CF950E00FAB9A6 /* Resources */ = {
			isa = PBXResourcesBuildPhase;
			buildActionMask = 2147483647;
			files = (
				1BD63A0824CF950E00FAB9A6 /* LaunchScreen.storyboard in Resources */,
				1B43E29124D0D2C0000B18B9 /* GoogleService-Info.plist in Resources */,
				1BD63A0524CF950E00FAB9A6 /* Preview Assets.xcassets in Resources */,
				1BD63A0224CF950E00FAB9A6 /* Assets.xcassets in Resources */,
			);
			runOnlyForDeploymentPostprocessing = 0;
		};
		1BD63A0C24CF950E00FAB9A6 /* Resources */ = {
			isa = PBXResourcesBuildPhase;
			buildActionMask = 2147483647;
			files = (
			);
			runOnlyForDeploymentPostprocessing = 0;
		};
		1BD63A1724CF950E00FAB9A6 /* Resources */ = {
			isa = PBXResourcesBuildPhase;
			buildActionMask = 2147483647;
			files = (
			);
			runOnlyForDeploymentPostprocessing = 0;
		};
/* End PBXResourcesBuildPhase section */

/* Begin PBXShellScriptBuildPhase section */
		3975C037E0221D3F6462DAD7 /* [CP] Embed Pods Frameworks */ = {
			isa = PBXShellScriptBuildPhase;
			buildActionMask = 2147483647;
			files = (
			);
			inputFileListPaths = (
				"${PODS_ROOT}/Target Support Files/Pods-Dream Journal-Dream JournalUITests/Pods-Dream Journal-Dream JournalUITests-frameworks-${CONFIGURATION}-input-files.xcfilelist",
			);
			name = "[CP] Embed Pods Frameworks";
			outputFileListPaths = (
				"${PODS_ROOT}/Target Support Files/Pods-Dream Journal-Dream JournalUITests/Pods-Dream Journal-Dream JournalUITests-frameworks-${CONFIGURATION}-output-files.xcfilelist",
			);
			runOnlyForDeploymentPostprocessing = 0;
			shellPath = /bin/sh;
			shellScript = "\"${PODS_ROOT}/Target Support Files/Pods-Dream Journal-Dream JournalUITests/Pods-Dream Journal-Dream JournalUITests-frameworks.sh\"\n";
			showEnvVarsInLog = 0;
		};
		6CD512B4941C35F6AD954AEA /* [CP] Check Pods Manifest.lock */ = {
			isa = PBXShellScriptBuildPhase;
			buildActionMask = 2147483647;
			files = (
			);
			inputFileListPaths = (
			);
			inputPaths = (
				"${PODS_PODFILE_DIR_PATH}/Podfile.lock",
				"${PODS_ROOT}/Manifest.lock",
			);
			name = "[CP] Check Pods Manifest.lock";
			outputFileListPaths = (
			);
			outputPaths = (
				"$(DERIVED_FILE_DIR)/Pods-Dream Journal-checkManifestLockResult.txt",
			);
			runOnlyForDeploymentPostprocessing = 0;
			shellPath = /bin/sh;
			shellScript = "diff \"${PODS_PODFILE_DIR_PATH}/Podfile.lock\" \"${PODS_ROOT}/Manifest.lock\" > /dev/null\nif [ $? != 0 ] ; then\n    # print error to STDERR\n    echo \"error: The sandbox is not in sync with the Podfile.lock. Run 'pod install' or update your CocoaPods installation.\" >&2\n    exit 1\nfi\n# This output is used by Xcode 'outputs' to avoid re-running this script phase.\necho \"SUCCESS\" > \"${SCRIPT_OUTPUT_FILE_0}\"\n";
			showEnvVarsInLog = 0;
		};
		9A9B0E875BC0DC74D1C73E7E /* [CP] Embed Pods Frameworks */ = {
			isa = PBXShellScriptBuildPhase;
			buildActionMask = 2147483647;
			files = (
			);
			inputFileListPaths = (
				"${PODS_ROOT}/Target Support Files/Pods-Dream Journal/Pods-Dream Journal-frameworks-${CONFIGURATION}-input-files.xcfilelist",
			);
			name = "[CP] Embed Pods Frameworks";
			outputFileListPaths = (
				"${PODS_ROOT}/Target Support Files/Pods-Dream Journal/Pods-Dream Journal-frameworks-${CONFIGURATION}-output-files.xcfilelist",
			);
			runOnlyForDeploymentPostprocessing = 0;
			shellPath = /bin/sh;
			shellScript = "\"${PODS_ROOT}/Target Support Files/Pods-Dream Journal/Pods-Dream Journal-frameworks.sh\"\n";
			showEnvVarsInLog = 0;
		};
		A0E4F2D5498D71F9BD16BF22 /* [CP] Check Pods Manifest.lock */ = {
			isa = PBXShellScriptBuildPhase;
			buildActionMask = 2147483647;
			files = (
			);
			inputFileListPaths = (
			);
			inputPaths = (
				"${PODS_PODFILE_DIR_PATH}/Podfile.lock",
				"${PODS_ROOT}/Manifest.lock",
			);
			name = "[CP] Check Pods Manifest.lock";
			outputFileListPaths = (
			);
			outputPaths = (
				"$(DERIVED_FILE_DIR)/Pods-Dream JournalTests-checkManifestLockResult.txt",
			);
			runOnlyForDeploymentPostprocessing = 0;
			shellPath = /bin/sh;
			shellScript = "diff \"${PODS_PODFILE_DIR_PATH}/Podfile.lock\" \"${PODS_ROOT}/Manifest.lock\" > /dev/null\nif [ $? != 0 ] ; then\n    # print error to STDERR\n    echo \"error: The sandbox is not in sync with the Podfile.lock. Run 'pod install' or update your CocoaPods installation.\" >&2\n    exit 1\nfi\n# This output is used by Xcode 'outputs' to avoid re-running this script phase.\necho \"SUCCESS\" > \"${SCRIPT_OUTPUT_FILE_0}\"\n";
			showEnvVarsInLog = 0;
		};
		A29DDE9C7EBAD76AAAAC1C64 /* [CP] Check Pods Manifest.lock */ = {
			isa = PBXShellScriptBuildPhase;
			buildActionMask = 2147483647;
			files = (
			);
			inputFileListPaths = (
			);
			inputPaths = (
				"${PODS_PODFILE_DIR_PATH}/Podfile.lock",
				"${PODS_ROOT}/Manifest.lock",
			);
			name = "[CP] Check Pods Manifest.lock";
			outputFileListPaths = (
			);
			outputPaths = (
				"$(DERIVED_FILE_DIR)/Pods-Dream Journal-Dream JournalUITests-checkManifestLockResult.txt",
			);
			runOnlyForDeploymentPostprocessing = 0;
			shellPath = /bin/sh;
			shellScript = "diff \"${PODS_PODFILE_DIR_PATH}/Podfile.lock\" \"${PODS_ROOT}/Manifest.lock\" > /dev/null\nif [ $? != 0 ] ; then\n    # print error to STDERR\n    echo \"error: The sandbox is not in sync with the Podfile.lock. Run 'pod install' or update your CocoaPods installation.\" >&2\n    exit 1\nfi\n# This output is used by Xcode 'outputs' to avoid re-running this script phase.\necho \"SUCCESS\" > \"${SCRIPT_OUTPUT_FILE_0}\"\n";
			showEnvVarsInLog = 0;
		};
/* End PBXShellScriptBuildPhase section */

/* Begin PBXSourcesBuildPhase section */
		1BD639F424CF950E00FAB9A6 /* Sources */ = {
			isa = PBXSourcesBuildPhase;
			buildActionMask = 2147483647;
			files = (
				1BD639FC24CF950E00FAB9A6 /* AppDelegate.swift in Sources */,
				1BD639FE24CF950E00FAB9A6 /* SceneDelegate.swift in Sources */,
				1BD63A2C24CFA0E700FAB9A6 /* Animation.swift in Sources */,
				1B43E28D24D08116000B18B9 /* ViewDetails.swift in Sources */,
				1B43E28F24D08A20000B18B9 /* Home.swift in Sources */,
				1B43E29324D0F553000B18B9 /* EditDetails.swift in Sources */,
				1BD63A0024CF950E00FAB9A6 /* ContentView.swift in Sources */,
				1B43E29524D1D1CD000B18B9 /* Login.swift in Sources */,
			);
			runOnlyForDeploymentPostprocessing = 0;
		};
		1BD63A0A24CF950E00FAB9A6 /* Sources */ = {
			isa = PBXSourcesBuildPhase;
			buildActionMask = 2147483647;
			files = (
				1BD63A1324CF950E00FAB9A6 /* Dream_JournalTests.swift in Sources */,
			);
			runOnlyForDeploymentPostprocessing = 0;
		};
		1BD63A1524CF950E00FAB9A6 /* Sources */ = {
			isa = PBXSourcesBuildPhase;
			buildActionMask = 2147483647;
			files = (
				1BD63A1E24CF950E00FAB9A6 /* Dream_JournalUITests.swift in Sources */,
			);
			runOnlyForDeploymentPostprocessing = 0;
		};
/* End PBXSourcesBuildPhase section */

/* Begin PBXTargetDependency section */
		1BD63A1024CF950E00FAB9A6 /* PBXTargetDependency */ = {
			isa = PBXTargetDependency;
			target = 1BD639F724CF950E00FAB9A6 /* Dream Journal */;
			targetProxy = 1BD63A0F24CF950E00FAB9A6 /* PBXContainerItemProxy */;
		};
		1BD63A1B24CF950E00FAB9A6 /* PBXTargetDependency */ = {
			isa = PBXTargetDependency;
			target = 1BD639F724CF950E00FAB9A6 /* Dream Journal */;
			targetProxy = 1BD63A1A24CF950E00FAB9A6 /* PBXContainerItemProxy */;
		};
/* End PBXTargetDependency section */

/* Begin PBXVariantGroup section */
		1BD63A0624CF950E00FAB9A6 /* LaunchScreen.storyboard */ = {
			isa = PBXVariantGroup;
			children = (
				1BD63A0724CF950E00FAB9A6 /* Base */,
			);
			name = LaunchScreen.storyboard;
			sourceTree = "<group>";
		};
/* End PBXVariantGroup section */

/* Begin XCBuildConfiguration section */
		1BD63A2024CF950E00FAB9A6 /* Debug */ = {
			isa = XCBuildConfiguration;
			buildSettings = {
				ALWAYS_SEARCH_USER_PATHS = NO;
				CLANG_ANALYZER_NONNULL = YES;
				CLANG_ANALYZER_NUMBER_OBJECT_CONVERSION = YES_AGGRESSIVE;
				CLANG_CXX_LANGUAGE_STANDARD = "gnu++14";
				CLANG_CXX_LIBRARY = "libc++";
				CLANG_ENABLE_MODULES = YES;
				CLANG_ENABLE_OBJC_ARC = YES;
				CLANG_ENABLE_OBJC_WEAK = YES;
				CLANG_WARN_BLOCK_CAPTURE_AUTORELEASING = YES;
				CLANG_WARN_BOOL_CONVERSION = YES;
				CLANG_WARN_COMMA = YES;
				CLANG_WARN_CONSTANT_CONVERSION = YES;
				CLANG_WARN_DEPRECATED_OBJC_IMPLEMENTATIONS = YES;
				CLANG_WARN_DIRECT_OBJC_ISA_USAGE = YES_ERROR;
				CLANG_WARN_DOCUMENTATION_COMMENTS = YES;
				CLANG_WARN_EMPTY_BODY = YES;
				CLANG_WARN_ENUM_CONVERSION = YES;
				CLANG_WARN_INFINITE_RECURSION = YES;
				CLANG_WARN_INT_CONVERSION = YES;
				CLANG_WARN_NON_LITERAL_NULL_CONVERSION = YES;
				CLANG_WARN_OBJC_IMPLICIT_RETAIN_SELF = YES;
				CLANG_WARN_OBJC_LITERAL_CONVERSION = YES;
				CLANG_WARN_OBJC_ROOT_CLASS = YES_ERROR;
				CLANG_WARN_RANGE_LOOP_ANALYSIS = YES;
				CLANG_WARN_STRICT_PROTOTYPES = YES;
				CLANG_WARN_SUSPICIOUS_MOVE = YES;
				CLANG_WARN_UNGUARDED_AVAILABILITY = YES_AGGRESSIVE;
				CLANG_WARN_UNREACHABLE_CODE = YES;
				CLANG_WARN__DUPLICATE_METHOD_MATCH = YES;
				COPY_PHASE_STRIP = NO;
				DEBUG_INFORMATION_FORMAT = dwarf;
				ENABLE_STRICT_OBJC_MSGSEND = YES;
				ENABLE_TESTABILITY = YES;
				GCC_C_LANGUAGE_STANDARD = gnu11;
				GCC_DYNAMIC_NO_PIC = NO;
				GCC_NO_COMMON_BLOCKS = YES;
				GCC_OPTIMIZATION_LEVEL = 0;
				GCC_PREPROCESSOR_DEFINITIONS = (
					"DEBUG=1",
					"$(inherited)",
				);
				GCC_WARN_64_TO_32_BIT_CONVERSION = YES;
				GCC_WARN_ABOUT_RETURN_TYPE = YES_ERROR;
				GCC_WARN_UNDECLARED_SELECTOR = YES;
				GCC_WARN_UNINITIALIZED_AUTOS = YES_AGGRESSIVE;
				GCC_WARN_UNUSED_FUNCTION = YES;
				GCC_WARN_UNUSED_VARIABLE = YES;
				IPHONEOS_DEPLOYMENT_TARGET = 13.6;
				MTL_ENABLE_DEBUG_INFO = INCLUDE_SOURCE;
				MTL_FAST_MATH = YES;
				ONLY_ACTIVE_ARCH = YES;
				SDKROOT = iphoneos;
				SWIFT_ACTIVE_COMPILATION_CONDITIONS = DEBUG;
				SWIFT_OPTIMIZATION_LEVEL = "-Onone";
			};
			name = Debug;
		};
		1BD63A2124CF950E00FAB9A6 /* Release */ = {
			isa = XCBuildConfiguration;
			buildSettings = {
				ALWAYS_SEARCH_USER_PATHS = NO;
				CLANG_ANALYZER_NONNULL = YES;
				CLANG_ANALYZER_NUMBER_OBJECT_CONVERSION = YES_AGGRESSIVE;
				CLANG_CXX_LANGUAGE_STANDARD = "gnu++14";
				CLANG_CXX_LIBRARY = "libc++";
				CLANG_ENABLE_MODULES = YES;
				CLANG_ENABLE_OBJC_ARC = YES;
				CLANG_ENABLE_OBJC_WEAK = YES;
				CLANG_WARN_BLOCK_CAPTURE_AUTORELEASING = YES;
				CLANG_WARN_BOOL_CONVERSION = YES;
				CLANG_WARN_COMMA = YES;
				CLANG_WARN_CONSTANT_CONVERSION = YES;
				CLANG_WARN_DEPRECATED_OBJC_IMPLEMENTATIONS = YES;
				CLANG_WARN_DIRECT_OBJC_ISA_USAGE = YES_ERROR;
				CLANG_WARN_DOCUMENTATION_COMMENTS = YES;
				CLANG_WARN_EMPTY_BODY = YES;
				CLANG_WARN_ENUM_CONVERSION = YES;
				CLANG_WARN_INFINITE_RECURSION = YES;
				CLANG_WARN_INT_CONVERSION = YES;
				CLANG_WARN_NON_LITERAL_NULL_CONVERSION = YES;
				CLANG_WARN_OBJC_IMPLICIT_RETAIN_SELF = YES;
				CLANG_WARN_OBJC_LITERAL_CONVERSION = YES;
				CLANG_WARN_OBJC_ROOT_CLASS = YES_ERROR;
				CLANG_WARN_RANGE_LOOP_ANALYSIS = YES;
				CLANG_WARN_STRICT_PROTOTYPES = YES;
				CLANG_WARN_SUSPICIOUS_MOVE = YES;
				CLANG_WARN_UNGUARDED_AVAILABILITY = YES_AGGRESSIVE;
				CLANG_WARN_UNREACHABLE_CODE = YES;
				CLANG_WARN__DUPLICATE_METHOD_MATCH = YES;
				COPY_PHASE_STRIP = NO;
				DEBUG_INFORMATION_FORMAT = "dwarf-with-dsym";
				ENABLE_NS_ASSERTIONS = NO;
				ENABLE_STRICT_OBJC_MSGSEND = YES;
				GCC_C_LANGUAGE_STANDARD = gnu11;
				GCC_NO_COMMON_BLOCKS = YES;
				GCC_WARN_64_TO_32_BIT_CONVERSION = YES;
				GCC_WARN_ABOUT_RETURN_TYPE = YES_ERROR;
				GCC_WARN_UNDECLARED_SELECTOR = YES;
				GCC_WARN_UNINITIALIZED_AUTOS = YES_AGGRESSIVE;
				GCC_WARN_UNUSED_FUNCTION = YES;
				GCC_WARN_UNUSED_VARIABLE = YES;
				IPHONEOS_DEPLOYMENT_TARGET = 13.6;
				MTL_ENABLE_DEBUG_INFO = NO;
				MTL_FAST_MATH = YES;
				SDKROOT = iphoneos;
				SWIFT_COMPILATION_MODE = wholemodule;
				SWIFT_OPTIMIZATION_LEVEL = "-O";
				VALIDATE_PRODUCT = YES;
			};
			name = Release;
		};
		1BD63A2324CF950E00FAB9A6 /* Debug */ = {
			isa = XCBuildConfiguration;
			baseConfigurationReference = D329C0D6A71D7F2716568420 /* Pods-Dream Journal.debug.xcconfig */;
			buildSettings = {
				ASSETCATALOG_COMPILER_APPICON_NAME = AppIcon;
				CODE_SIGN_STYLE = Automatic;
				DEVELOPMENT_ASSET_PATHS = "\"Dream Journal/Preview Content\"";
				DEVELOPMENT_TEAM = FQX45R5BVV;
				ENABLE_PREVIEWS = YES;
				INFOPLIST_FILE = "Dream Journal/Info.plist";
				IPHONEOS_DEPLOYMENT_TARGET = 13.4;
				LD_RUNPATH_SEARCH_PATHS = (
					"$(inherited)",
					"@executable_path/Frameworks",
				);
				PRODUCT_BUNDLE_IDENTIFIER = "hchowdhury.Dream-Journal";
				PRODUCT_NAME = "$(TARGET_NAME)";
				SWIFT_VERSION = 5.0;
				TARGETED_DEVICE_FAMILY = "1,2";
			};
			name = Debug;
		};
		1BD63A2424CF950E00FAB9A6 /* Release */ = {
			isa = XCBuildConfiguration;
			baseConfigurationReference = 03606AA8E61C83B107130C44 /* Pods-Dream Journal.release.xcconfig */;
			buildSettings = {
				ASSETCATALOG_COMPILER_APPICON_NAME = AppIcon;
				CODE_SIGN_STYLE = Automatic;
				DEVELOPMENT_ASSET_PATHS = "\"Dream Journal/Preview Content\"";
				DEVELOPMENT_TEAM = FQX45R5BVV;
				ENABLE_PREVIEWS = YES;
				INFOPLIST_FILE = "Dream Journal/Info.plist";
				IPHONEOS_DEPLOYMENT_TARGET = 13.4;
				LD_RUNPATH_SEARCH_PATHS = (
					"$(inherited)",
					"@executable_path/Frameworks",
				);
				PRODUCT_BUNDLE_IDENTIFIER = "hchowdhury.Dream-Journal";
				PRODUCT_NAME = "$(TARGET_NAME)";
				SWIFT_VERSION = 5.0;
				TARGETED_DEVICE_FAMILY = "1,2";
			};
			name = Release;
		};
		1BD63A2624CF950E00FAB9A6 /* Debug */ = {
			isa = XCBuildConfiguration;
			baseConfigurationReference = C97BED6EC9587A51DB5DAF46 /* Pods-Dream JournalTests.debug.xcconfig */;
			buildSettings = {
				ALWAYS_EMBED_SWIFT_STANDARD_LIBRARIES = YES;
				BUNDLE_LOADER = "$(TEST_HOST)";
				CODE_SIGN_STYLE = Automatic;
				DEVELOPMENT_TEAM = FQX45R5BVV;
				INFOPLIST_FILE = "Dream JournalTests/Info.plist";
				IPHONEOS_DEPLOYMENT_TARGET = 13.6;
				LD_RUNPATH_SEARCH_PATHS = (
					"$(inherited)",
					"@executable_path/Frameworks",
					"@loader_path/Frameworks",
				);
				PRODUCT_BUNDLE_IDENTIFIER = "hchowdhury.Dream-JournalTests";
				PRODUCT_NAME = "$(TARGET_NAME)";
				SWIFT_VERSION = 5.0;
				TARGETED_DEVICE_FAMILY = "1,2";
				TEST_HOST = "$(BUILT_PRODUCTS_DIR)/Dream Journal.app/Dream Journal";
			};
			name = Debug;
		};
		1BD63A2724CF950E00FAB9A6 /* Release */ = {
			isa = XCBuildConfiguration;
			baseConfigurationReference = 69B0BDB4E65AAB3C272FFE86 /* Pods-Dream JournalTests.release.xcconfig */;
			buildSettings = {
				ALWAYS_EMBED_SWIFT_STANDARD_LIBRARIES = YES;
				BUNDLE_LOADER = "$(TEST_HOST)";
				CODE_SIGN_STYLE = Automatic;
				DEVELOPMENT_TEAM = FQX45R5BVV;
				INFOPLIST_FILE = "Dream JournalTests/Info.plist";
				IPHONEOS_DEPLOYMENT_TARGET = 13.6;
				LD_RUNPATH_SEARCH_PATHS = (
					"$(inherited)",
					"@executable_path/Frameworks",
					"@loader_path/Frameworks",
				);
				PRODUCT_BUNDLE_IDENTIFIER = "hchowdhury.Dream-JournalTests";
				PRODUCT_NAME = "$(TARGET_NAME)";
				SWIFT_VERSION = 5.0;
				TARGETED_DEVICE_FAMILY = "1,2";
				TEST_HOST = "$(BUILT_PRODUCTS_DIR)/Dream Journal.app/Dream Journal";
			};
			name = Release;
		};
		1BD63A2924CF950E00FAB9A6 /* Debug */ = {
			isa = XCBuildConfiguration;
			baseConfigurationReference = 6046EB0A60F6F04E9014762B /* Pods-Dream Journal-Dream JournalUITests.debug.xcconfig */;
			buildSettings = {
				ALWAYS_EMBED_SWIFT_STANDARD_LIBRARIES = YES;
				CODE_SIGN_STYLE = Automatic;
				DEVELOPMENT_TEAM = FQX45R5BVV;
				INFOPLIST_FILE = "Dream JournalUITests/Info.plist";
				LD_RUNPATH_SEARCH_PATHS = (
					"$(inherited)",
					"@executable_path/Frameworks",
					"@loader_path/Frameworks",
				);
				PRODUCT_BUNDLE_IDENTIFIER = "hchowdhury.Dream-JournalUITests";
				PRODUCT_NAME = "$(TARGET_NAME)";
				SWIFT_VERSION = 5.0;
				TARGETED_DEVICE_FAMILY = "1,2";
				TEST_TARGET_NAME = "Dream Journal";
			};
			name = Debug;
		};
		1BD63A2A24CF950E00FAB9A6 /* Release */ = {
			isa = XCBuildConfiguration;
			baseConfigurationReference = 7875902BE71030A35769398F /* Pods-Dream Journal-Dream JournalUITests.release.xcconfig */;
			buildSettings = {
				ALWAYS_EMBED_SWIFT_STANDARD_LIBRARIES = YES;
				CODE_SIGN_STYLE = Automatic;
				DEVELOPMENT_TEAM = FQX45R5BVV;
				INFOPLIST_FILE = "Dream JournalUITests/Info.plist";
				LD_RUNPATH_SEARCH_PATHS = (
					"$(inherited)",
					"@executable_path/Frameworks",
					"@loader_path/Frameworks",
				);
				PRODUCT_BUNDLE_IDENTIFIER = "hchowdhury.Dream-JournalUITests";
				PRODUCT_NAME = "$(TARGET_NAME)";
				SWIFT_VERSION = 5.0;
				TARGETED_DEVICE_FAMILY = "1,2";
				TEST_TARGET_NAME = "Dream Journal";
			};
			name = Release;
		};
/* End XCBuildConfiguration section */

/* Begin XCConfigurationList section */
		1BD639F324CF950D00FAB9A6 /* Build configuration list for PBXProject "Dream Journal" */ = {
			isa = XCConfigurationList;
			buildConfigurations = (
				1BD63A2024CF950E00FAB9A6 /* Debug */,
				1BD63A2124CF950E00FAB9A6 /* Release */,
			);
			defaultConfigurationIsVisible = 0;
			defaultConfigurationName = Release;
		};
		1BD63A2224CF950E00FAB9A6 /* Build configuration list for PBXNativeTarget "Dream Journal" */ = {
			isa = XCConfigurationList;
			buildConfigurations = (
				1BD63A2324CF950E00FAB9A6 /* Debug */,
				1BD63A2424CF950E00FAB9A6 /* Release */,
			);
			defaultConfigurationIsVisible = 0;
			defaultConfigurationName = Release;
		};
		1BD63A2524CF950E00FAB9A6 /* Build configuration list for PBXNativeTarget "Dream JournalTests" */ = {
			isa = XCConfigurationList;
			buildConfigurations = (
				1BD63A2624CF950E00FAB9A6 /* Debug */,
				1BD63A2724CF950E00FAB9A6 /* Release */,
			);
			defaultConfigurationIsVisible = 0;
			defaultConfigurationName = Release;
		};
		1BD63A2824CF950E00FAB9A6 /* Build configuration list for PBXNativeTarget "Dream JournalUITests" */ = {
			isa = XCConfigurationList;
			buildConfigurations = (
				1BD63A2924CF950E00FAB9A6 /* Debug */,
				1BD63A2A24CF950E00FAB9A6 /* Release */,
			);
			defaultConfigurationIsVisible = 0;
			defaultConfigurationName = Release;
		};
/* End XCConfigurationList section */
	};
	rootObject = 1BD639F024CF950D00FAB9A6 /* Project object */;
}
